# This file is automatically @generated by Poetry 1.4.1 and should not be changed by hand.

[[package]]
name = "crcmod"
version = "1.7"
description = "CRC Generator"
category = "main"
optional = false
python-versions = "*"
files = [
    {file = "crcmod-1.7.tar.gz", hash = "sha256:dc7051a0db5f2bd48665a990d3ec1cc305a466a77358ca4492826f41f283601e"},
]

[[package]]
name = "pyserial"
version = "3.5"
description = "Python Serial Port Extension"
category = "main"
optional = false
python-versions = "*"
files = [
    {file = "pyserial-3.5-py2.py3-none-any.whl", hash = "sha256:c4451db6ba391ca6ca299fb3ec7bae67a5c55dde170964c7a14ceefec02f2cf0"},
    {file = "pyserial-3.5.tar.gz", hash = "sha256:3c77e014170dfffbd816e6ffc205e9842efb10be9f58ec16d3e8675b4925cddb"},
]

[package.extras]
cp2110 = ["hidapi"]

[metadata]
lock-version = "2.0"
python-versions = "^3.11"
content-hash = "74a7d9898df6dac3dded5911d46a91dc09fcc4eb74865f0921210fb309a96c4f"
